
Microsoft Visual Studio Solution File, Format Version 12.00
# Visual Studio Version 17
VisualStudioVersion = 17.3.32819.101
MinimumVisualStudioVersion = 10.0.40219.1
Project("{FAE04EC0-301F-11D3-BF4B-00C04F79EFBC}") = "Interpreter", "Interactive Interpreter\Interpreter.csproj", "{6E611D67-894B-42B0-BD7E-0BF701B79748}"
EndProject
Project("{FAE04EC0-301F-11D3-BF4B-00C04F79EFBC}") = "InterpreterTests", "InterpreterTests\InterpreterTests.csproj", "{C11B093F-9CB2-4D84-815D-9C34C691C4B7}"
EndProject
Global
	GlobalSection(SolutionConfigurationPlatforms) = preSolution
		Debug|Any CPU = Debug|Any CPU
		Debug|x64 = Debug|x64
		Release|Any CPU = Release|Any CPU
		Release|x64 = Release|x64
	EndGlobalSection
	GlobalSection(ProjectConfigurationPlatforms) = postSolution
		{6E611D67-894B-42B0-BD7E-0BF701B79748}.Debug|Any CPU.ActiveCfg = Debug|Any CPU
		{6E611D67-894B-42B0-BD7E-0BF701B79748}.Debug|Any CPU.Build.0 = Debug|Any CPU
		{6E611D67-894B-42B0-BD7E-0BF701B79748}.Debug|x64.ActiveCfg = Debug|x64
		{6E611D67-894B-42B0-BD7E-0BF701B79748}.Debug|x64.Build.0 = Debug|x64
		{6E611D67-894B-42B0-BD7E-0BF701B79748}.Release|Any CPU.ActiveCfg = Release|Any CPU
		{6E611D67-894B-42B0-BD7E-0BF701B79748}.Release|Any CPU.Build.0 = Release|Any CPU
		{6E611D67-894B-42B0-BD7E-0BF701B79748}.Release|x64.ActiveCfg = Release|x64
		{6E611D67-894B-42B0-BD7E-0BF701B79748}.Release|x64.Build.0 = Release|x64
		{C11B093F-9CB2-4D84-815D-9C34C691C4B7}.Debug|Any CPU.ActiveCfg = Debug|Any CPU
		{C11B093F-9CB2-4D84-815D-9C34C691C4B7}.Debug|Any CPU.Build.0 = Debug|Any CPU
		{C11B093F-9CB2-4D84-815D-9C34C691C4B7}.Debug|x64.ActiveCfg = Debug|Any CPU
		{C11B093F-9CB2-4D84-815D-9C34C691C4B7}.Debug|x64.Build.0 = Debug|Any CPU
		{C11B093F-9CB2-4D84-815D-9C34C691C4B7}.Release|Any CPU.ActiveCfg = Release|Any CPU
		{C11B093F-9CB2-4D84-815D-9C34C691C4B7}.Release|Any CPU.Build.0 = Release|Any CPU
		{C11B093F-9CB2-4D84-815D-9C34C691C4B7}.Release|x64.ActiveCfg = Release|Any CPU
		{C11B093F-9CB2-4D84-815D-9C34C691C4B7}.Release|x64.Build.0 = Release|Any CPU
	EndGlobalSection
	GlobalSection(SolutionProperties) = preSolution
		HideSolutionNode = FALSE
	EndGlobalSection
	GlobalSection(ExtensibilityGlobals) = postSolution
		SolutionGuid = {37F4AAE8-78C8-45B5-81C7-C3DF6610EAD9}
	EndGlobalSection
EndGlobal
